
Microsoft Visual Studio Solution File, Format Version 12.00
# Visual Studio Version 17
VisualStudioVersion = 17.10.35027.167
MinimumVisualStudioVersion = 10.0.40219.1
Project("{FAE04EC0-301F-11D3-BF4B-00C04F79EFBC}") = "park", "park\park.csproj", "{CBE8B0DF-9CA6-4239-87E1-CF04C1BE81BA}"
EndProject
Global
	GlobalSection(SolutionConfigurationPlatforms) = preSolution
		Debug|Any CPU = Debug|Any CPU
		Release|Any CPU = Release|Any CPU
	EndGlobalSection
	GlobalSection(ProjectConfigurationPlatforms) = postSolution
		{CBE8B0DF-9CA6-4239-87E1-CF04C1BE81BA}.Debug|Any CPU.ActiveCfg = Debug|Any CPU
		{CBE8B0DF-9CA6-4239-87E1-CF04C1BE81BA}.Debug|Any CPU.Build.0 = Debug|Any CPU
		{CBE8B0DF-9CA6-4239-87E1-CF04C1BE81BA}.Release|Any CPU.ActiveCfg = Release|Any CPU
		{CBE8B0DF-9CA6-4239-87E1-CF04C1BE81BA}.Release|Any CPU.Build.0 = Release|Any CPU
	EndGlobalSection
	GlobalSection(SolutionProperties) = preSolution
		HideSolutionNode = FALSE
	EndGlobalSection
	GlobalSection(ExtensibilityGlobals) = postSolution
		SolutionGuid = {5699B4C2-2834-495C-A7EF-9DD92B7E12B8}
	EndGlobalSection
EndGlobal
